// !$*UTF8*$!
{
	archiveVersion = 1;
	classes = {
	};
	objectVersion = 56;
	objects = {

/* Begin PBXBuildFile section */
		BD15E1E52B5ADF58002340D4 /* Saioofan7FirstApp.swift in Sources */ = {isa = PBXBuildFile; fileRef = BD15E1E42B5ADF58002340D4 /* Saioofan7FirstApp.swift */; };
		BD15E1E72B5ADF58002340D4 /* ContentView.swift in Sources */ = {isa = PBXBuildFile; fileRef = BD15E1E62B5ADF58002340D4 /* ContentView.swift */; };
		BD15E1E92B5ADF5A002340D4 /* Assets.xcassets in Resources */ = {isa = PBXBuildFile; fileRef = BD15E1E82B5ADF5A002340D4 /* Assets.xcassets */; };
		BD15E1ED2B5ADF5A002340D4 /* Preview Assets.xcassets in Resources */ = {isa = PBXBuildFile; fileRef = BD15E1EC2B5ADF5A002340D4 /* Preview Assets.xcassets */; };
		BD15E1F72B5ADF5A002340D4 /* Saioofan7FirstTests.swift in Sources */ = {isa = PBXBuildFile; fileRef = BD15E1F62B5ADF5A002340D4 /* Saioofan7FirstTests.swift */; };
		BD15E2012B5ADF5A002340D4 /* Saioofan7FirstUITests.swift in Sources */ = {isa = PBXBuildFile; fileRef = BD15E2002B5ADF5A002340D4 /* Saioofan7FirstUITests.swift */; };
		BD15E2032B5ADF5A002340D4 /* Saioofan7FirstUITestsLaunchTests.swift in Sources */ = {isa = PBXBuildFile; fileRef = BD15E2022B5ADF5A002340D4 /* Saioofan7FirstUITestsLaunchTests.swift */; };
/* End PBXBuildFile section */

/* Begin PBXContainerItemProxy section */
		BD15E1F32B5ADF5A002340D4 /* PBXContainerItemProxy */ = {
			isa = PBXContainerItemProxy;
			containerPortal = BD15E1D92B5ADF58002340D4 /* Project object */;
			proxyType = 1;
			remoteGlobalIDString = BD15E1E02B5ADF58002340D4;
			remoteInfo = Saioofan7First;
		};
		BD15E1FD2B5ADF5A002340D4 /* PBXContainerItemProxy */ = {
			isa = PBXContainerItemProxy;
			containerPortal = BD15E1D92B5ADF58002340D4 /* Project object */;
			proxyType = 1;
			remoteGlobalIDString = BD15E1E02B5ADF58002340D4;
			remoteInfo = Saioofan7First;
		};
/* End PBXContainerItemProxy section */

/* Begin PBXFileReference section */
		BD15E1E12B5ADF58002340D4 /* Saioofan7First.app */ = {isa = PBXFileReference; explicitFileType = wrapper.application; includeInIndex = 0; path = Saioofan7First.app; sourceTree = BUILT_PRODUCTS_DIR; };
		BD15E1E42B5ADF58002340D4 /* Saioofan7FirstApp.swift */ = {isa = PBXFileReference; lastKnownFileType = sourcecode.swift; path = Saioofan7FirstApp.swift; sourceTree = "<group>"; };
		BD15E1E62B5ADF58002340D4 /* ContentView.swift */ = {isa = PBXFileReference; lastKnownFileType = sourcecode.swift; path = ContentView.swift; sourceTree = "<group>"; };
		BD15E1E82B5ADF5A002340D4 /* Assets.xcassets */ = {isa = PBXFileReference; lastKnownFileType = folder.assetcatalog; path = Assets.xcassets; sourceTree = "<group>"; };
		BD15E1EA2B5ADF5A002340D4 /* Saioofan7First.entitlements */ = {isa = PBXFileReference; lastKnownFileType = text.plist.entitlements; path = Saioofan7First.entitlements; sourceTree = "<group>"; };
		BD15E1EC2B5ADF5A002340D4 /* Preview Assets.xcassets */ = {isa = PBXFileReference; lastKnownFileType = folder.assetcatalog; path = "Preview Assets.xcassets"; sourceTree = "<group>"; };
		BD15E1F22B5ADF5A002340D4 /* Saioofan7FirstTests.xctest */ = {isa = PBXFileReference; explicitFileType = wrapper.cfbundle; includeInIndex = 0; path = Saioofan7FirstTests.xctest; sourceTree = BUILT_PRODUCTS_DIR; };
		BD15E1F62B5ADF5A002340D4 /* Saioofan7FirstTests.swift */ = {isa = PBXFileReference; lastKnownFileType = sourcecode.swift; path = Saioofan7FirstTests.swift; sourceTree = "<group>"; };
		BD15E1FC2B5ADF5A002340D4 /* Saioofan7FirstUITests.xctest */ = {isa = PBXFileReference; explicitFileType = wrapper.cfbundle; includeInIndex = 0; path = Saioofan7FirstUITests.xctest; sourceTree = BUILT_PRODUCTS_DIR; };
		BD15E2002B5ADF5A002340D4 /* Saioofan7FirstUITests.swift */ = {isa = PBXFileReference; lastKnownFileType = sourcecode.swift; path = Saioofan7FirstUITests.swift; sourceTree = "<group>"; };
		BD15E2022B5ADF5A002340D4 /* Saioofan7FirstUITestsLaunchTests.swift */ = {isa = PBXFileReference; lastKnownFileType = sourcecode.swift; path = Saioofan7FirstUITestsLaunchTests.swift; sourceTree = "<group>"; };
/* End PBXFileReference section */

/* Begin PBXFrameworksBuildPhase section */
		BD15E1DE2B5ADF58002340D4 /* Frameworks */ = {
			isa = PBXFrameworksBuildPhase;
			buildActionMask = 2147483647;
			files = (
			);
			runOnlyForDeploymentPostprocessing = 0;
		};
		BD15E1EF2B5ADF5A002340D4 /* Frameworks */ = {
			isa = PBXFrameworksBuildPhase;
			buildActionMask = 2147483647;
			files = (
			);
			runOnlyForDeploymentPostprocessing = 0;
		};
		BD15E1F92B5ADF5A002340D4 /* Frameworks */ = {
			isa = PBXFrameworksBuildPhase;
			buildActionMask = 2147483647;
			files = (
			);
			runOnlyForDeploymentPostprocessing = 0;
		};
/* End PBXFrameworksBuildPhase section */

/* Begin PBXGroup section */
		BD15E1D82B5ADF58002340D4 = {
			isa = PBXGroup;
			children = (
				BD15E1E32B5ADF58002340D4 /* Saioofan7First */,
				BD15E1F52B5ADF5A002340D4 /* Saioofan7FirstTests */,
				BD15E1FF2B5ADF5A002340D4 /* Saioofan7FirstUITests */,
				BD15E1E22B5ADF58002340D4 /* Products */,
			);
			sourceTree = "<group>";
		};
		BD15E1E22B5ADF58002340D4 /* Products */ = {
			isa = PBXGroup;
			children = (
				BD15E1E12B5ADF58002340D4 /* Saioofan7First.app */,
				BD15E1F22B5ADF5A002340D4 /* Saioofan7FirstTests.xctest */,
				BD15E1FC2B5ADF5A002340D4 /* Saioofan7FirstUITests.xctest */,
			);
			name = Products;
			sourceTree = "<group>";
		};
		BD15E1E32B5ADF58002340D4 /* Saioofan7First */ = {
			isa = PBXGroup;
			children = (
				BD15E1E42B5ADF58002340D4 /* Saioofan7FirstApp.swift */,
				BD15E1E62B5ADF58002340D4 /* ContentView.swift */,
				BD15E1E82B5ADF5A002340D4 /* Assets.xcassets */,
				BD15E1EA2B5ADF5A002340D4 /* Saioofan7First.entitlements */,
				BD15E1EB2B5ADF5A002340D4 /* Preview Content */,
			);
			path = Saioofan7First;
			sourceTree = "<group>";
		};
		BD15E1EB2B5ADF5A002340D4 /* Preview Content */ = {
			isa = PBXGroup;
			children = (
				BD15E1EC2B5ADF5A002340D4 /* Preview Assets.xcassets */,
			);
			path = "Preview Content";
			sourceTree = "<group>";
		};
		BD15E1F52B5ADF5A002340D4 /* Saioofan7FirstTests */ = {
			isa = PBXGroup;
			children = (
				BD15E1F62B5ADF5A002340D4 /* Saioofan7FirstTests.swift */,
			);
			path = Saioofan7FirstTests;
			sourceTree = "<group>";
		};
		BD15E1FF2B5ADF5A002340D4 /* Saioofan7FirstUITests */ = {
			isa = PBXGroup;
			children = (
				BD15E2002B5ADF5A002340D4 /* Saioofan7FirstUITests.swift */,
				BD15E2022B5ADF5A002340D4 /* Saioofan7FirstUITestsLaunchTests.swift */,
			);
			path = Saioofan7FirstUITests;
			sourceTree = "<group>";
		};
/* End PBXGroup section */

/* Begin PBXNativeTarget section */
		BD15E1E02B5ADF58002340D4 /* Saioofan7First */ = {
			isa = PBXNativeTarget;
			buildConfigurationList = BD15E2062B5ADF5A002340D4 /* Build configuration list for PBXNativeTarget "Saioofan7First" */;
			buildPhases = (
				BD15E1DD2B5ADF58002340D4 /* Sources */,
				BD15E1DE2B5ADF58002340D4 /* Frameworks */,
				BD15E1DF2B5ADF58002340D4 /* Resources */,
			);
			buildRules = (
			);
			dependencies = (
			);
			name = Saioofan7First;
			productName = Saioofan7First;
			productReference = BD15E1E12B5ADF58002340D4 /* Saioofan7First.app */;
			productType = "com.apple.product-type.application";
		};
		BD15E1F12B5ADF5A002340D4 /* Saioofan7FirstTests */ = {
			isa = PBXNativeTarget;
			buildConfigurationList = BD15E2092B5ADF5A002340D4 /* Build configuration list for PBXNativeTarget "Saioofan7FirstTests" */;
			buildPhases = (
				BD15E1EE2B5ADF5A002340D4 /* Sources */,
				BD15E1EF2B5ADF5A002340D4 /* Frameworks */,
				BD15E1F02B5ADF5A002340D4 /* Resources */,
			);
			buildRules = (
			);
			dependencies = (
				BD15E1F42B5ADF5A002340D4 /* PBXTargetDependency */,
			);
			name = Saioofan7FirstTests;
			productName = Saioofan7FirstTests;
			productReference = BD15E1F22B5ADF5A002340D4 /* Saioofan7FirstTests.xctest */;
			productType = "com.apple.product-type.bundle.unit-test";
		};
		BD15E1FB2B5ADF5A002340D4 /* Saioofan7FirstUITests */ = {
			isa = PBXNativeTarget;
			buildConfigurationList = BD15E20C2B5ADF5A002340D4 /* Build configuration list for PBXNativeTarget "Saioofan7FirstUITests" */;
			buildPhases = (
				BD15E1F82B5ADF5A002340D4 /* Sources */,
				BD15E1F92B5ADF5A002340D4 /* Frameworks */,
				BD15E1FA2B5ADF5A002340D4 /* Resources */,
			);
			buildRules = (
			);
			dependencies = (
				BD15E1FE2B5ADF5A002340D4 /* PBXTargetDependency */,
			);
			name = Saioofan7FirstUITests;
			productName = Saioofan7FirstUITests;
			productReference = BD15E1FC2B5ADF5A002340D4 /* Saioofan7FirstUITests.xctest */;
			productType = "com.apple.product-type.bundle.ui-testing";
		};
/* End PBXNativeTarget section */

/* Begin PBXProject section */
		BD15E1D92B5ADF58002340D4 /* Project object */ = {
			isa = PBXProject;
			attributes = {
				BuildIndependentTargetsInParallel = 1;
				LastSwiftUpdateCheck = 1520;
				LastUpgradeCheck = 1520;
				TargetAttributes = {
					BD15E1E02B5ADF58002340D4 = {
						CreatedOnToolsVersion = 15.2;
					};
					BD15E1F12B5ADF5A002340D4 = {
						CreatedOnToolsVersion = 15.2;
						TestTargetID = BD15E1E02B5ADF58002340D4;
					};
					BD15E1FB2B5ADF5A002340D4 = {
						CreatedOnToolsVersion = 15.2;
						TestTargetID = BD15E1E02B5ADF58002340D4;
					};
				};
			};
			buildConfigurationList = BD15E1DC2B5ADF58002340D4 /* Build configuration list for PBXProject "Saioofan7First" */;
			compatibilityVersion = "Xcode 14.0";
			developmentRegion = en;
			hasScannedForEncodings = 0;
			knownRegions = (
				en,
				Base,
			);
			mainGroup = BD15E1D82B5ADF58002340D4;
			productRefGroup = BD15E1E22B5ADF58002340D4 /* Products */;
			projectDirPath = "";
			projectRoot = "";
			targets = (
				BD15E1E02B5ADF58002340D4 /* Saioofan7First */,
				BD15E1F12B5ADF5A002340D4 /* Saioofan7FirstTests */,
				BD15E1FB2B5ADF5A002340D4 /* Saioofan7FirstUITests */,
			);
		};
/* End PBXProject section */

/* Begin PBXResourcesBuildPhase section */
		BD15E1DF2B5ADF58002340D4 /* Resources */ = {
			isa = PBXResourcesBuildPhase;
			buildActionMask = 2147483647;
			files = (
				BD15E1ED2B5ADF5A002340D4 /* Preview Assets.xcassets in Resources */,
				BD15E1E92B5ADF5A002340D4 /* Assets.xcassets in Resources */,
			);
			runOnlyForDeploymentPostprocessing = 0;
		};
		BD15E1F02B5ADF5A002340D4 /* Resources */ = {
			isa = PBXResourcesBuildPhase;
			buildActionMask = 2147483647;
			files = (
			);
			runOnlyForDeploymentPostprocessing = 0;
		};
		BD15E1FA2B5ADF5A002340D4 /* Resources */ = {
			isa = PBXResourcesBuildPhase;
			buildActionMask = 2147483647;
			files = (
			);
			runOnlyForDeploymentPostprocessing = 0;
		};
/* End PBXResourcesBuildPhase section */

/* Begin PBXSourcesBuildPhase section */
		BD15E1DD2B5ADF58002340D4 /* Sources */ = {
			isa = PBXSourcesBuildPhase;
			buildActionMask = 2147483647;
			files = (
				BD15E1E72B5ADF58002340D4 /* ContentView.swift in Sources */,
				BD15E1E52B5ADF58002340D4 /* Saioofan7FirstApp.swift in Sources */,
			);
			runOnlyForDeploymentPostprocessing = 0;
		};
		BD15E1EE2B5ADF5A002340D4 /* Sources */ = {
			isa = PBXSourcesBuildPhase;
			buildActionMask = 2147483647;
			files = (
				BD15E1F72B5ADF5A002340D4 /* Saioofan7FirstTests.swift in Sources */,
			);
			runOnlyForDeploymentPostprocessing = 0;
		};
		BD15E1F82B5ADF5A002340D4 /* Sources */ = {
			isa = PBXSourcesBuildPhase;
			buildActionMask = 2147483647;
			files = (
				BD15E2012B5ADF5A002340D4 /* Saioofan7FirstUITests.swift in Sources */,
				BD15E2032B5ADF5A002340D4 /* Saioofan7FirstUITestsLaunchTests.swift in Sources */,
			);
			runOnlyForDeploymentPostprocessing = 0;
		};
/* End PBXSourcesBuildPhase section */

/* Begin PBXTargetDependency section */
		BD15E1F42B5ADF5A002340D4 /* PBXTargetDependency */ = {
			isa = PBXTargetDependency;
			target = BD15E1E02B5ADF58002340D4 /* Saioofan7First */;
			targetProxy = BD15E1F32B5ADF5A002340D4 /* PBXContainerItemProxy */;
		};
		BD15E1FE2B5ADF5A002340D4 /* PBXTargetDependency */ = {
			isa = PBXTargetDependency;
			target = BD15E1E02B5ADF58002340D4 /* Saioofan7First */;
			targetProxy = BD15E1FD2B5ADF5A002340D4 /* PBXContainerItemProxy */;
		};
/* End PBXTargetDependency section */

/* Begin XCBuildConfiguration section */
		BD15E2042B5ADF5A002340D4 /* Debug */ = {
			isa = XCBuildConfiguration;
			buildSettings = {
				ALWAYS_SEARCH_USER_PATHS = NO;
				ASSETCATALOG_COMPILER_GENERATE_SWIFT_ASSET_SYMBOL_EXTENSIONS = YES;
				CLANG_ANALYZER_NONNULL = YES;
				CLANG_ANALYZER_NUMBER_OBJECT_CONVERSION = YES_AGGRESSIVE;
				CLANG_CXX_LANGUAGE_STANDARD = "gnu++20";
				CLANG_ENABLE_MODULES = YES;
				CLANG_ENABLE_OBJC_ARC = YES;
				CLANG_ENABLE_OBJC_WEAK = YES;
				CLANG_WARN_BLOCK_CAPTURE_AUTORELEASING = YES;
				CLANG_WARN_BOOL_CONVERSION = YES;
				CLANG_WARN_COMMA = YES;
				CLANG_WARN_CONSTANT_CONVERSION = YES;
				CLANG_WARN_DEPRECATED_OBJC_IMPLEMENTATIONS = YES;
				CLANG_WARN_DIRECT_OBJC_ISA_USAGE = YES_ERROR;
				CLANG_WARN_DOCUMENTATION_COMMENTS = YES;
				CLANG_WARN_EMPTY_BODY = YES;
				CLANG_WARN_ENUM_CONVERSION = YES;
				CLANG_WARN_INFINITE_RECURSION = YES;
				CLANG_WARN_INT_CONVERSION = YES;
				CLANG_WARN_NON_LITERAL_NULL_CONVERSION = YES;
				CLANG_WARN_OBJC_IMPLICIT_RETAIN_SELF = YES;
				CLANG_WARN_OBJC_LITERAL_CONVERSION = YES;
				CLANG_WARN_OBJC_ROOT_CLASS = YES_ERROR;
				CLANG_WARN_QUOTED_INCLUDE_IN_FRAMEWORK_HEADER = YES;
				CLANG_WARN_RANGE_LOOP_ANALYSIS = YES;
				CLANG_WARN_STRICT_PROTOTYPES = YES;
				CLANG_WARN_SUSPICIOUS_MOVE = YES;
				CLANG_WARN_UNGUARDED_AVAILABILITY = YES_AGGRESSIVE;
				CLANG_WARN_UNREACHABLE_CODE = YES;
				CLANG_WARN__DUPLICATE_METHOD_MATCH = YES;
				COPY_PHASE_STRIP = NO;
				DEBUG_INFORMATION_FORMAT = dwarf;
				ENABLE_STRICT_OBJC_MSGSEND = YES;
				ENABLE_TESTABILITY = YES;
				ENABLE_USER_SCRIPT_SANDBOXING = YES;
				GCC_C_LANGUAGE_STANDARD = gnu17;
				GCC_DYNAMIC_NO_PIC = NO;
				GCC_NO_COMMON_BLOCKS = YES;
				GCC_OPTIMIZATION_LEVEL = 0;
				GCC_PREPROCESSOR_DEFINITIONS = (
					"DEBUG=1",
					"$(inherited)",
				);
				GCC_WARN_64_TO_32_BIT_CONVERSION = YES;
				GCC_WARN_ABOUT_RETURN_TYPE = YES_ERROR;
				GCC_WARN_UNDECLARED_SELECTOR = YES;
				GCC_WARN_UNINITIALIZED_AUTOS = YES_AGGRESSIVE;
				GCC_WARN_UNUSED_FUNCTION = YES;
				GCC_WARN_UNUSED_VARIABLE = YES;
				LOCALIZATION_PREFERS_STRING_CATALOGS = YES;
				MTL_ENABLE_DEBUG_INFO = INCLUDE_SOURCE;
				MTL_FAST_MATH = YES;
				ONLY_ACTIVE_ARCH = YES;
				SWIFT_ACTIVE_COMPILATION_CONDITIONS = "DEBUG $(inherited)";
				SWIFT_OPTIMIZATION_LEVEL = "-Onone";
			};
			name = Debug;
		};
		BD15E2052B5ADF5A002340D4 /* Release */ = {
			isa = XCBuildConfiguration;
			buildSettings = {
				ALWAYS_SEARCH_USER_PATHS = NO;
				ASSETCATALOG_COMPILER_GENERATE_SWIFT_ASSET_SYMBOL_EXTENSIONS = YES;
				CLANG_ANALYZER_NONNULL = YES;
				CLANG_ANALYZER_NUMBER_OBJECT_CONVERSION = YES_AGGRESSIVE;
				CLANG_CXX_LANGUAGE_STANDARD = "gnu++20";
				CLANG_ENABLE_MODULES = YES;
				CLANG_ENABLE_OBJC_ARC = YES;
				CLANG_ENABLE_OBJC_WEAK = YES;
				CLANG_WARN_BLOCK_CAPTURE_AUTORELEASING = YES;
				CLANG_WARN_BOOL_CONVERSION = YES;
				CLANG_WARN_COMMA = YES;
				CLANG_WARN_CONSTANT_CONVERSION = YES;
				CLANG_WARN_DEPRECATED_OBJC_IMPLEMENTATIONS = YES;
				CLANG_WARN_DIRECT_OBJC_ISA_USAGE = YES_ERROR;
				CLANG_WARN_DOCUMENTATION_COMMENTS = YES;
				CLANG_WARN_EMPTY_BODY = YES;
				CLANG_WARN_ENUM_CONVERSION = YES;
				CLANG_WARN_INFINITE_RECURSION = YES;
				CLANG_WARN_INT_CONVERSION = YES;
				CLANG_WARN_NON_LITERAL_NULL_CONVERSION = YES;
				CLANG_WARN_OBJC_IMPLICIT_RETAIN_SELF = YES;
				CLANG_WARN_OBJC_LITERAL_CONVERSION = YES;
				CLANG_WARN_OBJC_ROOT_CLASS = YES_ERROR;
				CLANG_WARN_QUOTED_INCLUDE_IN_FRAMEWORK_HEADER = YES;
				CLANG_WARN_RANGE_LOOP_ANALYSIS = YES;
				CLANG_WARN_STRICT_PROTOTYPES = YES;
				CLANG_WARN_SUSPICIOUS_MOVE = YES;
				CLANG_WARN_UNGUARDED_AVAILABILITY = YES_AGGRESSIVE;
				CLANG_WARN_UNREACHABLE_CODE = YES;
				CLANG_WARN__DUPLICATE_METHOD_MATCH = YES;
				COPY_PHASE_STRIP = NO;
				DEBUG_INFORMATION_FORMAT = "dwarf-with-dsym";
				ENABLE_NS_ASSERTIONS = NO;
				ENABLE_STRICT_OBJC_MSGSEND = YES;
				ENABLE_USER_SCRIPT_SANDBOXING = YES;
				GCC_C_LANGUAGE_STANDARD = gnu17;
				GCC_NO_COMMON_BLOCKS = YES;
				GCC_WARN_64_TO_32_BIT_CONVERSION = YES;
				GCC_WARN_ABOUT_RETURN_TYPE = YES_ERROR;
				GCC_WARN_UNDECLARED_SELECTOR = YES;
				GCC_WARN_UNINITIALIZED_AUTOS = YES_AGGRESSIVE;
				GCC_WARN_UNUSED_FUNCTION = YES;
				GCC_WARN_UNUSED_VARIABLE = YES;
				LOCALIZATION_PREFERS_STRING_CATALOGS = YES;
				MTL_ENABLE_DEBUG_INFO = NO;
				MTL_FAST_MATH = YES;
				SWIFT_COMPILATION_MODE = wholemodule;
			};
			name = Release;
		};
		BD15E2072B5ADF5A002340D4 /* Debug */ = {
			isa = XCBuildConfiguration;
			buildSettings = {
				ASSETCATALOG_COMPILER_APPICON_NAME = AppIcon;
				ASSETCATALOG_COMPILER_GLOBAL_ACCENT_COLOR_NAME = AccentColor;
				CODE_SIGN_ENTITLEMENTS = Saioofan7First/Saioofan7First.entitlements;
				CODE_SIGN_STYLE = Automatic;
				CURRENT_PROJECT_VERSION = 1;
				DEVELOPMENT_ASSET_PATHS = "\"Saioofan7First/Preview Content\"";
				ENABLE_PREVIEWS = YES;
				GENERATE_INFOPLIST_FILE = YES;
				"INFOPLIST_KEY_UIApplicationSceneManifest_Generation[sdk=iphoneos*]" = YES;
				"INFOPLIST_KEY_UIApplicationSceneManifest_Generation[sdk=iphonesimulator*]" = YES;
				"INFOPLIST_KEY_UIApplicationSupportsIndirectInputEvents[sdk=iphoneos*]" = YES;
				"INFOPLIST_KEY_UIApplicationSupportsIndirectInputEvents[sdk=iphonesimulator*]" = YES;
				"INFOPLIST_KEY_UILaunchScreen_Generation[sdk=iphoneos*]" = YES;
				"INFOPLIST_KEY_UILaunchScreen_Generation[sdk=iphonesimulator*]" = YES;
				"INFOPLIST_KEY_UIStatusBarStyle[sdk=iphoneos*]" = UIStatusBarStyleDefault;
				"INFOPLIST_KEY_UIStatusBarStyle[sdk=iphonesimulator*]" = UIStatusBarStyleDefault;
				INFOPLIST_KEY_UISupportedInterfaceOrientations_iPad = "UIInterfaceOrientationPortrait UIInterfaceOrientationPortraitUpsideDown UIInterfaceOrientationLandscapeLeft UIInterfaceOrientationLandscapeRight";
				INFOPLIST_KEY_UISupportedInterfaceOrientations_iPhone = "UIInterfaceOrientationPortrait UIInterfaceOrientationLandscapeLeft UIInterfaceOrientationLandscapeRight";
				IPHONEOS_DEPLOYMENT_TARGET = 17.2;
				LD_RUNPATH_SEARCH_PATHS = "@executable_path/Frameworks";
				"LD_RUNPATH_SEARCH_PATHS[sdk=macosx*]" = "@executable_path/../Frameworks";
				MACOSX_DEPLOYMENT_TARGET = 14.2;
				MARKETING_VERSION = 1.0;
				PRODUCT_BUNDLE_IDENTIFIER = "com.saif.-visioinPro.Saioofan7First";
				PRODUCT_NAME = "$(TARGET_NAME)";
				SDKROOT = auto;
				SUPPORTED_PLATFORMS = "iphoneos iphonesimulator macosx";
				SWIFT_EMIT_LOC_STRINGS = YES;
				SWIFT_VERSION = 5.0;
				TARGETED_DEVICE_FAMILY = "1,2";
			};
			name = Debug;
		};
		BD15E2082B5ADF5A002340D4 /* Release */ = {
			isa = XCBuildConfiguration;
			buildSettings = {
				ASSETCATALOG_COMPILER_APPICON_NAME = AppIcon;
				ASSETCATALOG_COMPILER_GLOBAL_ACCENT_COLOR_NAME = AccentColor;
				CODE_SIGN_ENTITLEMENTS = Saioofan7First/Saioofan7First.entitlements;
				CODE_SIGN_STYLE = Automatic;
				CURRENT_PROJECT_VERSION = 1;
				DEVELOPMENT_ASSET_PATHS = "\"Saioofan7First/Preview Content\"";
				ENABLE_PREVIEWS = YES;
				GENERATE_INFOPLIST_FILE = YES;
				"INFOPLIST_KEY_UIApplicationSceneManifest_Generation[sdk=iphoneos*]" = YES;
				"INFOPLIST_KEY_UIApplicationSceneManifest_Generation[sdk=iphonesimulator*]" = YES;
				"INFOPLIST_KEY_UIApplicationSupportsIndirectInputEvents[sdk=iphoneos*]" = YES;
				"INFOPLIST_KEY_UIApplicationSupportsIndirectInputEvents[sdk=iphonesimulator*]" = YES;
				"INFOPLIST_KEY_UILaunchScreen_Generation[sdk=iphoneos*]" = YES;
				"INFOPLIST_KEY_UILaunchScreen_Generation[sdk=iphonesimulator*]" = YES;
				"INFOPLIST_KEY_UIStatusBarStyle[sdk=iphoneos*]" = UIStatusBarStyleDefault;
				"INFOPLIST_KEY_UIStatusBarStyle[sdk=iphonesimulator*]" = UIStatusBarStyleDefault;
				INFOPLIST_KEY_UISupportedInterfaceOrientations_iPad = "UIInterfaceOrientationPortrait UIInterfaceOrientationPortraitUpsideDown UIInterfaceOrientationLandscapeLeft UIInterfaceOrientationLandscapeRight";
				INFOPLIST_KEY_UISupportedInterfaceOrientations_iPhone = "UIInterfaceOrientationPortrait UIInterfaceOrientationLandscapeLeft UIInterfaceOrientationLandscapeRight";
				IPHONEOS_DEPLOYMENT_TARGET = 17.2;
				LD_RUNPATH_SEARCH_PATHS = "@executable_path/Frameworks";
				"LD_RUNPATH_SEARCH_PATHS[sdk=macosx*]" = "@executable_path/../Frameworks";
				MACOSX_DEPLOYMENT_TARGET = 14.2;
				MARKETING_VERSION = 1.0;
				PRODUCT_BUNDLE_IDENTIFIER = "com.saif.-visioinPro.Saioofan7First";
				PRODUCT_NAME = "$(TARGET_NAME)";
				SDKROOT = auto;
				SUPPORTED_PLATFORMS = "iphoneos iphonesimulator macosx";
				SWIFT_EMIT_LOC_STRINGS = YES;
				SWIFT_VERSION = 5.0;
				TARGETED_DEVICE_FAMILY = "1,2";
			};
			name = Release;
		};
		BD15E20A2B5ADF5A002340D4 /* Debug */ = {
			isa = XCBuildConfiguration;
			buildSettings = {
				ALWAYS_EMBED_SWIFT_STANDARD_LIBRARIES = YES;
				BUNDLE_LOADER = "$(TEST_HOST)";
				CODE_SIGN_STYLE = Automatic;
				CURRENT_PROJECT_VERSION = 1;
				GENERATE_INFOPLIST_FILE = YES;
				IPHONEOS_DEPLOYMENT_TARGET = 17.2;
				MACOSX_DEPLOYMENT_TARGET = 14.2;
				MARKETING_VERSION = 1.0;
				PRODUCT_BUNDLE_IDENTIFIER = "com.saif.-visioinPro.Saioofan7FirstTests";
				PRODUCT_NAME = "$(TARGET_NAME)";
				SDKROOT = auto;
				SUPPORTED_PLATFORMS = "iphoneos iphonesimulator macosx";
				SWIFT_EMIT_LOC_STRINGS = NO;
				SWIFT_VERSION = 5.0;
				TARGETED_DEVICE_FAMILY = "1,2";
				TEST_HOST = "$(BUILT_PRODUCTS_DIR)/Saioofan7First.app/$(BUNDLE_EXECUTABLE_FOLDER_PATH)/Saioofan7First";
			};
			name = Debug;
		};
		BD15E20B2B5ADF5A002340D4 /* Release */ = {
			isa = XCBuildConfiguration;
			buildSettings = {
				ALWAYS_EMBED_SWIFT_STANDARD_LIBRARIES = YES;
				BUNDLE_LOADER = "$(TEST_HOST)";
				CODE_SIGN_STYLE = Automatic;
				CURRENT_PROJECT_VERSION = 1;
				GENERATE_INFOPLIST_FILE = YES;
				IPHONEOS_DEPLOYMENT_TARGET = 17.2;
				MACOSX_DEPLOYMENT_TARGET = 14.2;
				MARKETING_VERSION = 1.0;
				PRODUCT_BUNDLE_IDENTIFIER = "com.saif.-visioinPro.Saioofan7FirstTests";
				PRODUCT_NAME = "$(TARGET_NAME)";
				SDKROOT = auto;
				SUPPORTED_PLATFORMS = "iphoneos iphonesimulator macosx";
				SWIFT_EMIT_LOC_STRINGS = NO;
				SWIFT_VERSION = 5.0;
				TARGETED_DEVICE_FAMILY = "1,2";
				TEST_HOST = "$(BUILT_PRODUCTS_DIR)/Saioofan7First.app/$(BUNDLE_EXECUTABLE_FOLDER_PATH)/Saioofan7First";
			};
			name = Release;
		};
		BD15E20D2B5ADF5A002340D4 /* Debug */ = {
			isa = XCBuildConfiguration;
			buildSettings = {
				ALWAYS_EMBED_SWIFT_STANDARD_LIBRARIES = YES;
				CODE_SIGN_STYLE = Automatic;
				CURRENT_PROJECT_VERSION = 1;
				GENERATE_INFOPLIST_FILE = YES;
				IPHONEOS_DEPLOYMENT_TARGET = 17.2;
				MACOSX_DEPLOYMENT_TARGET = 14.2;
				MARKETING_VERSION = 1.0;
				PRODUCT_BUNDLE_IDENTIFIER = "com.saif.-visioinPro.Saioofan7FirstUITests";
				PRODUCT_NAME = "$(TARGET_NAME)";
				SDKROOT = auto;
				SUPPORTED_PLATFORMS = "iphoneos iphonesimulator macosx";
				SWIFT_EMIT_LOC_STRINGS = NO;
				SWIFT_VERSION = 5.0;
				TARGETED_DEVICE_FAMILY = "1,2";
				TEST_TARGET_NAME = Saioofan7First;
			};
			name = Debug;
		};
		BD15E20E2B5ADF5A002340D4 /* Release */ = {
			isa = XCBuildConfiguration;
			buildSettings = {
				ALWAYS_EMBED_SWIFT_STANDARD_LIBRARIES = YES;
				CODE_SIGN_STYLE = Automatic;
				CURRENT_PROJECT_VERSION = 1;
				GENERATE_INFOPLIST_FILE = YES;
				IPHONEOS_DEPLOYMENT_TARGET = 17.2;
				MACOSX_DEPLOYMENT_TARGET = 14.2;
				MARKETING_VERSION = 1.0;
				PRODUCT_BUNDLE_IDENTIFIER = "com.saif.-visioinPro.Saioofan7FirstUITests";
				PRODUCT_NAME = "$(TARGET_NAME)";
				SDKROOT = auto;
				SUPPORTED_PLATFORMS = "iphoneos iphonesimulator macosx";
				SWIFT_EMIT_LOC_STRINGS = NO;
				SWIFT_VERSION = 5.0;
				TARGETED_DEVICE_FAMILY = "1,2";
				TEST_TARGET_NAME = Saioofan7First;
			};
			name = Release;
		};
/* End XCBuildConfiguration section */

/* Begin XCConfigurationList section */
		BD15E1DC2B5ADF58002340D4 /* Build configuration list for PBXProject "Saioofan7First" */ = {
			isa = XCConfigurationList;
			buildConfigurations = (
				BD15E2042B5ADF5A002340D4 /* Debug */,
				BD15E2052B5ADF5A002340D4 /* Release */,
			);
			defaultConfigurationIsVisible = 0;
			defaultConfigurationName = Release;
		};
		BD15E2062B5ADF5A002340D4 /* Build configuration list for PBXNativeTarget "Saioofan7First" */ = {
			isa = XCConfigurationList;
			buildConfigurations = (
				BD15E2072B5ADF5A002340D4 /* Debug */,
				BD15E2082B5ADF5A002340D4 /* Release */,
			);
			defaultConfigurationIsVisible = 0;
			defaultConfigurationName = Release;
		};
		BD15E2092B5ADF5A002340D4 /* Build configuration list for PBXNativeTarget "Saioofan7FirstTests" */ = {
			isa = XCConfigurationList;
			buildConfigurations = (
				BD15E20A2B5ADF5A002340D4 /* Debug */,
				BD15E20B2B5ADF5A002340D4 /* Release */,
			);
			defaultConfigurationIsVisible = 0;
			defaultConfigurationName = Release;
		};
		BD15E20C2B5ADF5A002340D4 /* Build configuration list for PBXNativeTarget "Saioofan7FirstUITests" */ = {
			isa = XCConfigurationList;
			buildConfigurations = (
				BD15E20D2B5ADF5A002340D4 /* Debug */,
				BD15E20E2B5ADF5A002340D4 /* Release */,
			);
			defaultConfigurationIsVisible = 0;
			defaultConfigurationName = Release;
		};
/* End XCConfigurationList section */
	};
	rootObject = BD15E1D92B5ADF58002340D4 /* Project object */;
}
